
Microsoft Visual Studio Solution File, Format Version 12.00
# Visual Studio Version 16
VisualStudioVersion = 16.0.29709.97
MinimumVisualStudioVersion = 10.0.40219.1
Project("{FAE04EC0-301F-11D3-BF4B-00C04F79EFBC}") = "GraphicsUpscalerToggle", "GraphicsUpscalerToggle\GraphicsUpscalerToggle.csproj", "{8A7B3C5D-1E2F-4A6B-8C9D-0E1F2A3B4C5D}"
EndProject
Global
	GlobalSection(SolutionConfigurationPlatforms) = preSolution
		Debug|x64 = Debug|x64
		Release|x64 = Release|x64
	EndGlobalSection
	GlobalSection(ProjectConfigurationPlatforms) = postSolution
		{8A7B3C5D-1E2F-4A6B-8C9D-0E1F2A3B4C5D}.Debug|x64.ActiveCfg = Debug|x64
		{8A7B3C5D-1E2F-4A6B-8C9D-0E1F2A3B4C5D}.Debug|x64.Build.0 = Debug|x64
		{8A7B3C5D-1E2F-4A6B-8C9D-0E1F2A3B4C5D}.Release|x64.ActiveCfg = Release|x64
		{8A7B3C5D-1E2F-4A6B-8C9D-0E1F2A3B4C5D}.Release|x64.Build.0 = Release|x64
	EndGlobalSection
	GlobalSection(SolutionProperties) = preSolution
		HideSolutionNode = FALSE
	EndGlobalSection
	GlobalSection(ExtensibilityGlobals) = postSolution
		SolutionGuid = {B17E85B1-5F60-4440-9F9A-3DDE877E8CDF}
	EndGlobalSection
EndGlobal
